
Microsoft Visual Studio Solution File, Format Version 12.00
# Visual Studio Version 17
VisualStudioVersion = 17.13.35825.156 d17.13
MinimumVisualStudioVersion = 10.0.40219.1
Project("{FAE04EC0-301F-11D3-BF4B-00C04F79EFBC}") = "HelloWorld", "HelloWorld.csproj", "{6CFA0581-A891-43C1-A802-AF47C0159CA9}"
EndProject
Global
	GlobalSection(SolutionConfigurationPlatforms) = preSolution
		Debug|Any CPU = Debug|Any CPU
		Release|Any CPU = Release|Any CPU
	EndGlobalSection
	GlobalSection(ProjectConfigurationPlatforms) = postSolution
		{6CFA0581-A891-43C1-A802-AF47C0159CA9}.Debug|Any CPU.ActiveCfg = Debug|Any CPU
		{6CFA0581-A891-43C1-A802-AF47C0159CA9}.Debug|Any CPU.Build.0 = Debug|Any CPU
		{6CFA0581-A891-43C1-A802-AF47C0159CA9}.Release|Any CPU.ActiveCfg = Release|Any CPU
		{6CFA0581-A891-43C1-A802-AF47C0159CA9}.Release|Any CPU.Build.0 = Release|Any CPU
	EndGlobalSection
	GlobalSection(SolutionProperties) = preSolution
		HideSolutionNode = FALSE
	EndGlobalSection
	GlobalSection(ExtensibilityGlobals) = postSolution
		SolutionGuid = {F30852A5-2F82-4DDD-849A-ABD03EC5AFA3}
	EndGlobalSection
EndGlobal
